{
    "name": "awrtc-signalling",
    "version": "0.0.1",
    "lockfileVersion": 1,
    "requires": true,
    "dependencies": {
        "awrtc": {
            "version": "0.0.6",
            "resolved": "https://registry.npmjs.org/awrtc/-/awrtc-0.0.6.tgz",
            "integrity": "sha512-AjsofrowYjK84zGcfLkEzjtgL3xt1mbp9W63fi7tN7b1BWV3b6Fa+j9O57gLyyWmRsNvbShIbkPg0whcgElm3Q=="
        }
    }
}
